// !$*UTF8*$!
{
	archiveVersion = 1;
	classes = {
	};
	objectVersion = 46;
	objects = {

/* Begin PBXBuildFile section */
		0311D260325F42EC9E752F59 /* libPods.a in Frameworks */ = {isa = PBXBuildFile; fileRef = 84BAB2C51CB54909997BAB45 /* libPods.a */; };
		CA0FE36E18BC3B0A00533D88 /* Foundation.framework in Frameworks */ = {isa = PBXBuildFile; fileRef = CA0FE36D18BC3B0A00533D88 /* Foundation.framework */; };
		CA0FE37218BC3B0A00533D88 /* UIKit.framework in Frameworks */ = {isa = PBXBuildFile; fileRef = CA0FE37118BC3B0A00533D88 /* UIKit.framework */; };
		CA0FE37818BC3B0A00533D88 /* InfoPlist.strings in Resources */ = {isa = PBXBuildFile; fileRef = CA0FE37618BC3B0A00533D88 /* InfoPlist.strings */; };
		CA0FE37A18BC3B0A00533D88 /* main.m in Sources */ = {isa = PBXBuildFile; fileRef = CA0FE37918BC3B0A00533D88 /* main.m */; };
		CA0FE37E18BC3B0A00533D88 /* XYZAppDelegate.m in Sources */ = {isa = PBXBuildFile; fileRef = CA0FE37D18BC3B0A00533D88 /* XYZAppDelegate.m */; };
		CA0FE38118BC3B0A00533D88 /* Main.storyboard in Resources */ = {isa = PBXBuildFile; fileRef = CA0FE37F18BC3B0A00533D88 /* Main.storyboard */; };
		CA0FE38418BC3B0A00533D88 /* XYZHomeViewController.m in Sources */ = {isa = PBXBuildFile; fileRef = CA0FE38318BC3B0A00533D88 /* XYZHomeViewController.m */; };
		CA0FE38718BC3B0A00533D88 /* XYZLeafletMapViewController.m in Sources */ = {isa = PBXBuildFile; fileRef = CA0FE38618BC3B0A00533D88 /* XYZLeafletMapViewController.m */; };
		CA0FE39018BC3B0A00533D88 /* XCTest.framework in Frameworks */ = {isa = PBXBuildFile; fileRef = CA0FE38F18BC3B0A00533D88 /* XCTest.framework */; };
		CA0FE39118BC3B0A00533D88 /* Foundation.framework in Frameworks */ = {isa = PBXBuildFile; fileRef = CA0FE36D18BC3B0A00533D88 /* Foundation.framework */; };
		CA0FE39218BC3B0A00533D88 /* UIKit.framework in Frameworks */ = {isa = PBXBuildFile; fileRef = CA0FE37118BC3B0A00533D88 /* UIKit.framework */; };
		CA0FE39A18BC3B0A00533D88 /* InfoPlist.strings in Resources */ = {isa = PBXBuildFile; fileRef = CA0FE39818BC3B0A00533D88 /* InfoPlist.strings */; };
		CA0FE39C18BC3B0A00533D88 /* seagullcentury_iOSTests.m in Sources */ = {isa = PBXBuildFile; fileRef = CA0FE39B18BC3B0A00533D88 /* seagullcentury_iOSTests.m */; };
		CA1EE14618D24CA400A23A88 /* SUStart.gpx in Resources */ = {isa = PBXBuildFile; fileRef = CA1EE14518D24CA400A23A88 /* SUStart.gpx */; };
		CA3A8ECB18CA70B200CDB866 /* XYZRouteSelectionViewController.m in Sources */ = {isa = PBXBuildFile; fileRef = CA3A8ECA18CA70B200CDB866 /* XYZRouteSelectionViewController.m */; };
		CA4C391918EA0C900006BEAE /* MainSideMenuController.m in Sources */ = {isa = PBXBuildFile; fileRef = CA4C391818EA0C900006BEAE /* MainSideMenuController.m */; };
		CA58012718EB2DFE00274DE9 /* HomeViewController.m in Sources */ = {isa = PBXBuildFile; fileRef = CA58012618EB2DFE00274DE9 /* HomeViewController.m */; };
		CA646FCF18E9E0F3000D2702 /* New_Design.storyboard in Resources */ = {isa = PBXBuildFile; fileRef = CA646FCE18E9E0F3000D2702 /* New_Design.storyboard */; };
		CAA0097718EDDE26007D00F8 /* WebSideMenuController.m in Sources */ = {isa = PBXBuildFile; fileRef = CAA0097618EDDE26007D00F8 /* WebSideMenuController.m */; };
		CAA0097D18EDF900007D00F8 /* XYZTESTViewController.m in Sources */ = {isa = PBXBuildFile; fileRef = CAA0097C18EDF900007D00F8 /* XYZTESTViewController.m */; };
		CAA0098618EDFDBA007D00F8 /* SWRevealViewController.m in Sources */ = {isa = PBXBuildFile; fileRef = CAA0098518EDFDBA007D00F8 /* SWRevealViewController.m */; };
		CAA0098918EE0AFC007D00F8 /* XYZswslideViewController.m in Sources */ = {isa = PBXBuildFile; fileRef = CAA0098818EE0AFC007D00F8 /* XYZswslideViewController.m */; };
		CAB70A7718BFAD920089C0BB /* CoreLocation.framework in Frameworks */ = {isa = PBXBuildFile; fileRef = CAB70A7618BFAD920089C0BB /* CoreLocation.framework */; };
		CAB70A7818BFADA10089C0BB /* CoreGraphics.framework in Frameworks */ = {isa = PBXBuildFile; fileRef = CA0FE36F18BC3B0A00533D88 /* CoreGraphics.framework */; };
		CAB70A7A18BFADB50089C0BB /* MapKit.framework in Frameworks */ = {isa = PBXBuildFile; fileRef = CAB70A7918BFADB50089C0BB /* MapKit.framework */; };
		CAB9DB1D18BCFD5000A1E8EE /* XYZSettingsViewController.m in Sources */ = {isa = PBXBuildFile; fileRef = CAB9DB1C18BCFD5000A1E8EE /* XYZSettingsViewController.m */; };
		CAB9DB2018BD079100A1E8EE /* XYZMenuItem.m in Sources */ = {isa = PBXBuildFile; fileRef = CAB9DB1F18BD079100A1E8EE /* XYZMenuItem.m */; };
		CAB9DB2318BD165D00A1E8EE /* XYZWebViewController.m in Sources */ = {isa = PBXBuildFile; fileRef = CAB9DB2218BD165D00A1E8EE /* XYZWebViewController.m */; };
		CADD6A4F18EB8102001B3378 /* Images.xcassets in Resources */ = {isa = PBXBuildFile; fileRef = CADD6A4E18EB8102001B3378 /* Images.xcassets */; };
/* End PBXBuildFile section */

/* Begin PBXContainerItemProxy section */
		CA0FE39318BC3B0A00533D88 /* PBXContainerItemProxy */ = {
			isa = PBXContainerItemProxy;
			containerPortal = CA0FE36218BC3B0A00533D88 /* Project object */;
			proxyType = 1;
			remoteGlobalIDString = CA0FE36918BC3B0A00533D88;
			remoteInfo = "seagullcentury-iOS";
		};
/* End PBXContainerItemProxy section */

/* Begin PBXFileReference section */
		4B4ADACAA76A419982E26087 /* Pods.xcconfig */ = {isa = PBXFileReference; includeInIndex = 1; lastKnownFileType = text.xcconfig; name = Pods.xcconfig; path = Pods/Pods.xcconfig; sourceTree = "<group>"; };
		84BAB2C51CB54909997BAB45 /* libPods.a */ = {isa = PBXFileReference; explicitFileType = archive.ar; includeInIndex = 0; path = libPods.a; sourceTree = BUILT_PRODUCTS_DIR; };
		CA0FE36A18BC3B0A00533D88 /* seagullcentury-iOS.app */ = {isa = PBXFileReference; explicitFileType = wrapper.application; includeInIndex = 0; path = "seagullcentury-iOS.app"; sourceTree = BUILT_PRODUCTS_DIR; };
		CA0FE36D18BC3B0A00533D88 /* Foundation.framework */ = {isa = PBXFileReference; lastKnownFileType = wrapper.framework; name = Foundation.framework; path = System/Library/Frameworks/Foundation.framework; sourceTree = SDKROOT; };
		CA0FE36F18BC3B0A00533D88 /* CoreGraphics.framework */ = {isa = PBXFileReference; lastKnownFileType = wrapper.framework; name = CoreGraphics.framework; path = System/Library/Frameworks/CoreGraphics.framework; sourceTree = SDKROOT; };
		CA0FE37118BC3B0A00533D88 /* UIKit.framework */ = {isa = PBXFileReference; lastKnownFileType = wrapper.framework; name = UIKit.framework; path = System/Library/Frameworks/UIKit.framework; sourceTree = SDKROOT; };
		CA0FE37518BC3B0A00533D88 /* seagullcentury-iOS-Info.plist */ = {isa = PBXFileReference; lastKnownFileType = text.plist.xml; path = "seagullcentury-iOS-Info.plist"; sourceTree = "<group>"; };
		CA0FE37718BC3B0A00533D88 /* en */ = {isa = PBXFileReference; lastKnownFileType = text.plist.strings; name = en; path = en.lproj/InfoPlist.strings; sourceTree = "<group>"; };
		CA0FE37918BC3B0A00533D88 /* main.m */ = {isa = PBXFileReference; lastKnownFileType = sourcecode.c.objc; path = main.m; sourceTree = "<group>"; };
		CA0FE37B18BC3B0A00533D88 /* seagullcentury-iOS-Prefix.pch */ = {isa = PBXFileReference; lastKnownFileType = sourcecode.c.h; path = "seagullcentury-iOS-Prefix.pch"; sourceTree = "<group>"; };
		CA0FE37C18BC3B0A00533D88 /* XYZAppDelegate.h */ = {isa = PBXFileReference; lastKnownFileType = sourcecode.c.h; path = XYZAppDelegate.h; sourceTree = "<group>"; };
		CA0FE37D18BC3B0A00533D88 /* XYZAppDelegate.m */ = {isa = PBXFileReference; lastKnownFileType = sourcecode.c.objc; path = XYZAppDelegate.m; sourceTree = "<group>"; };
		CA0FE38018BC3B0A00533D88 /* Base */ = {isa = PBXFileReference; lastKnownFileType = file.storyboard; name = Base; path = Base.lproj/Main.storyboard; sourceTree = "<group>"; };
		CA0FE38218BC3B0A00533D88 /* XYZHomeViewController.h */ = {isa = PBXFileReference; lastKnownFileType = sourcecode.c.h; path = XYZHomeViewController.h; sourceTree = "<group>"; };
		CA0FE38318BC3B0A00533D88 /* XYZHomeViewController.m */ = {isa = PBXFileReference; lastKnownFileType = sourcecode.c.objc; path = XYZHomeViewController.m; sourceTree = "<group>"; };
		CA0FE38518BC3B0A00533D88 /* XYZLeafletMapViewController.h */ = {isa = PBXFileReference; lastKnownFileType = sourcecode.c.h; path = XYZLeafletMapViewController.h; sourceTree = "<group>"; };
		CA0FE38618BC3B0A00533D88 /* XYZLeafletMapViewController.m */ = {isa = PBXFileReference; lastKnownFileType = sourcecode.c.objc; path = XYZLeafletMapViewController.m; sourceTree = "<group>"; };
		CA0FE38E18BC3B0A00533D88 /* seagullcentury-iOSTests.xctest */ = {isa = PBXFileReference; explicitFileType = wrapper.cfbundle; includeInIndex = 0; path = "seagullcentury-iOSTests.xctest"; sourceTree = BUILT_PRODUCTS_DIR; };
		CA0FE38F18BC3B0A00533D88 /* XCTest.framework */ = {isa = PBXFileReference; lastKnownFileType = wrapper.framework; name = XCTest.framework; path = Library/Frameworks/XCTest.framework; sourceTree = DEVELOPER_DIR; };
		CA0FE39718BC3B0A00533D88 /* seagullcentury-iOSTests-Info.plist */ = {isa = PBXFileReference; lastKnownFileType = text.plist.xml; path = "seagullcentury-iOSTests-Info.plist"; sourceTree = "<group>"; };
		CA0FE39918BC3B0A00533D88 /* en */ = {isa = PBXFileReference; lastKnownFileType = text.plist.strings; name = en; path = en.lproj/InfoPlist.strings; sourceTree = "<group>"; };
		CA0FE39B18BC3B0A00533D88 /* seagullcentury_iOSTests.m */ = {isa = PBXFileReference; lastKnownFileType = sourcecode.c.objc; name = seagullcentury_iOSTests.m; path = "seagullcentury-iOSTests/seagullcentury_iOSTests.m"; sourceTree = SOURCE_ROOT; };
		CA1EE14518D24CA400A23A88 /* SUStart.gpx */ = {isa = PBXFileReference; fileEncoding = 4; lastKnownFileType = text.xml; path = SUStart.gpx; sourceTree = "<group>"; };
		CA3A8EC918CA70B200CDB866 /* XYZRouteSelectionViewController.h */ = {isa = PBXFileReference; fileEncoding = 4; lastKnownFileType = sourcecode.c.h; name = XYZRouteSelectionViewController.h; path = ../XYZRouteSelectionViewController.h; sourceTree = "<group>"; };
		CA3A8ECA18CA70B200CDB866 /* XYZRouteSelectionViewController.m */ = {isa = PBXFileReference; fileEncoding = 4; lastKnownFileType = sourcecode.c.objc; name = XYZRouteSelectionViewController.m; path = ../XYZRouteSelectionViewController.m; sourceTree = "<group>"; };
		CA4C391718EA0C900006BEAE /* MainSideMenuController.h */ = {isa = PBXFileReference; fileEncoding = 4; lastKnownFileType = sourcecode.c.h; path = MainSideMenuController.h; sourceTree = "<group>"; };
		CA4C391818EA0C900006BEAE /* MainSideMenuController.m */ = {isa = PBXFileReference; fileEncoding = 4; lastKnownFileType = sourcecode.c.objc; path = MainSideMenuController.m; sourceTree = "<group>"; };
		CA58012518EB2DFE00274DE9 /* HomeViewController.h */ = {isa = PBXFileReference; fileEncoding = 4; lastKnownFileType = sourcecode.c.h; path = HomeViewController.h; sourceTree = "<group>"; };
		CA58012618EB2DFE00274DE9 /* HomeViewController.m */ = {isa = PBXFileReference; fileEncoding = 4; lastKnownFileType = sourcecode.c.objc; path = HomeViewController.m; sourceTree = "<group>"; };
		CA646FCE18E9E0F3000D2702 /* New_Design.storyboard */ = {isa = PBXFileReference; fileEncoding = 4; lastKnownFileType = file.storyboard; path = New_Design.storyboard; sourceTree = "<group>"; };
		CAA0097518EDDE26007D00F8 /* WebSideMenuController.h */ = {isa = PBXFileReference; fileEncoding = 4; lastKnownFileType = sourcecode.c.h; path = WebSideMenuController.h; sourceTree = "<group>"; };
		CAA0097618EDDE26007D00F8 /* WebSideMenuController.m */ = {isa = PBXFileReference; fileEncoding = 4; lastKnownFileType = sourcecode.c.objc; path = WebSideMenuController.m; sourceTree = "<group>"; };
		CAA0097B18EDF900007D00F8 /* XYZTESTViewController.h */ = {isa = PBXFileReference; fileEncoding = 4; lastKnownFileType = sourcecode.c.h; path = XYZTESTViewController.h; sourceTree = "<group>"; };
		CAA0097C18EDF900007D00F8 /* XYZTESTViewController.m */ = {isa = PBXFileReference; fileEncoding = 4; lastKnownFileType = sourcecode.c.objc; path = XYZTESTViewController.m; sourceTree = "<group>"; };
		CAA0098418EDFDBA007D00F8 /* SWRevealViewController.h */ = {isa = PBXFileReference; fileEncoding = 4; lastKnownFileType = sourcecode.c.h; path = SWRevealViewController.h; sourceTree = "<group>"; };
		CAA0098518EDFDBA007D00F8 /* SWRevealViewController.m */ = {isa = PBXFileReference; fileEncoding = 4; lastKnownFileType = sourcecode.c.objc; path = SWRevealViewController.m; sourceTree = "<group>"; };
		CAA0098718EE0AFC007D00F8 /* XYZswslideViewController.h */ = {isa = PBXFileReference; fileEncoding = 4; lastKnownFileType = sourcecode.c.h; path = XYZswslideViewController.h; sourceTree = "<group>"; };
		CAA0098818EE0AFC007D00F8 /* XYZswslideViewController.m */ = {isa = PBXFileReference; fileEncoding = 4; lastKnownFileType = sourcecode.c.objc; path = XYZswslideViewController.m; sourceTree = "<group>"; };
		CAB70A7618BFAD920089C0BB /* CoreLocation.framework */ = {isa = PBXFileReference; lastKnownFileType = wrapper.framework; name = CoreLocation.framework; path = System/Library/Frameworks/CoreLocation.framework; sourceTree = SDKROOT; };
		CAB70A7918BFADB50089C0BB /* MapKit.framework */ = {isa = PBXFileReference; lastKnownFileType = wrapper.framework; name = MapKit.framework; path = System/Library/Frameworks/MapKit.framework; sourceTree = SDKROOT; };
		CAB9DB1B18BCFD5000A1E8EE /* XYZSettingsViewController.h */ = {isa = PBXFileReference; fileEncoding = 4; lastKnownFileType = sourcecode.c.h; path = XYZSettingsViewController.h; sourceTree = "<group>"; };
		CAB9DB1C18BCFD5000A1E8EE /* XYZSettingsViewController.m */ = {isa = PBXFileReference; fileEncoding = 4; lastKnownFileType = sourcecode.c.objc; path = XYZSettingsViewController.m; sourceTree = "<group>"; };
		CAB9DB1E18BD079100A1E8EE /* XYZMenuItem.h */ = {isa = PBXFileReference; fileEncoding = 4; lastKnownFileType = sourcecode.c.h; name = XYZMenuItem.h; path = ../XYZMenuItem.h; sourceTree = "<group>"; };
		CAB9DB1F18BD079100A1E8EE /* XYZMenuItem.m */ = {isa = PBXFileReference; fileEncoding = 4; lastKnownFileType = sourcecode.c.objc; name = XYZMenuItem.m; path = ../XYZMenuItem.m; sourceTree = "<group>"; };
		CAB9DB2118BD165D00A1E8EE /* XYZWebViewController.h */ = {isa = PBXFileReference; fileEncoding = 4; lastKnownFileType = sourcecode.c.h; name = XYZWebViewController.h; path = ../XYZWebViewController.h; sourceTree = "<group>"; };
		CAB9DB2218BD165D00A1E8EE /* XYZWebViewController.m */ = {isa = PBXFileReference; fileEncoding = 4; lastKnownFileType = sourcecode.c.objc; name = XYZWebViewController.m; path = ../XYZWebViewController.m; sourceTree = "<group>"; };
		CADD6A4E18EB8102001B3378 /* Images.xcassets */ = {isa = PBXFileReference; lastKnownFileType = folder.assetcatalog; path = Images.xcassets; sourceTree = "<group>"; };
/* End PBXFileReference section */

/* Begin PBXFrameworksBuildPhase section */
		CA0FE36718BC3B0A00533D88 /* Frameworks */ = {
			isa = PBXFrameworksBuildPhase;
			buildActionMask = 2147483647;
			files = (
				CAB70A7A18BFADB50089C0BB /* MapKit.framework in Frameworks */,
				CAB70A7818BFADA10089C0BB /* CoreGraphics.framework in Frameworks */,
				CAB70A7718BFAD920089C0BB /* CoreLocation.framework in Frameworks */,
				CA0FE37218BC3B0A00533D88 /* UIKit.framework in Frameworks */,
				CA0FE36E18BC3B0A00533D88 /* Foundation.framework in Frameworks */,
				0311D260325F42EC9E752F59 /* libPods.a in Frameworks */,
			);
			runOnlyForDeploymentPostprocessing = 0;
		};
		CA0FE38B18BC3B0A00533D88 /* Frameworks */ = {
			isa = PBXFrameworksBuildPhase;
			buildActionMask = 2147483647;
			files = (
				CA0FE39018BC3B0A00533D88 /* XCTest.framework in Frameworks */,
				CA0FE39218BC3B0A00533D88 /* UIKit.framework in Frameworks */,
				CA0FE39118BC3B0A00533D88 /* Foundation.framework in Frameworks */,
			);
			runOnlyForDeploymentPostprocessing = 0;
		};
/* End PBXFrameworksBuildPhase section */

/* Begin PBXGroup section */
		CA0FE36118BC3B0A00533D88 = {
			isa = PBXGroup;
			children = (
				CA0FE36C18BC3B0A00533D88 /* Frameworks */,
				CA0FE36B18BC3B0A00533D88 /* Products */,
				CA0FE37318BC3B0A00533D88 /* seagullcentury-iOS */,
				CA0FE39518BC3B0A00533D88 /* seagullcentury-iOSTests */,
				4B4ADACAA76A419982E26087 /* Pods.xcconfig */,
			);
			sourceTree = "<group>";
		};
		CA0FE36B18BC3B0A00533D88 /* Products */ = {
			isa = PBXGroup;
			children = (
				CA0FE36A18BC3B0A00533D88 /* seagullcentury-iOS.app */,
				CA0FE38E18BC3B0A00533D88 /* seagullcentury-iOSTests.xctest */,
			);
			name = Products;
			sourceTree = "<group>";
		};
		CA0FE36C18BC3B0A00533D88 /* Frameworks */ = {
			isa = PBXGroup;
			children = (
				CAB70A7918BFADB50089C0BB /* MapKit.framework */,
				CAB70A7618BFAD920089C0BB /* CoreLocation.framework */,
				CA0FE36D18BC3B0A00533D88 /* Foundation.framework */,
				CA0FE36F18BC3B0A00533D88 /* CoreGraphics.framework */,
				CA0FE37118BC3B0A00533D88 /* UIKit.framework */,
				CA0FE38F18BC3B0A00533D88 /* XCTest.framework */,
				84BAB2C51CB54909997BAB45 /* libPods.a */,
			);
			name = Frameworks;
			sourceTree = "<group>";
		};
		CA0FE37318BC3B0A00533D88 /* seagullcentury-iOS */ = {
			isa = PBXGroup;
			children = (
				CA58012418EB2D7B00274DE9 /* Design 2.0 */,
				CA0FE37F18BC3B0A00533D88 /* Main.storyboard */,
				CADD6A4E18EB8102001B3378 /* Images.xcassets */,
				CA0FE37418BC3B0A00533D88 /* Supporting Files */,
				CA0FE37C18BC3B0A00533D88 /* XYZAppDelegate.h */,
				CA0FE37D18BC3B0A00533D88 /* XYZAppDelegate.m */,
				CA1EE14518D24CA400A23A88 /* SUStart.gpx */,
				CA0FE38218BC3B0A00533D88 /* XYZHomeViewController.h */,
				CA0FE38318BC3B0A00533D88 /* XYZHomeViewController.m */,
				CA0FE38518BC3B0A00533D88 /* XYZLeafletMapViewController.h */,
				CA0FE38618BC3B0A00533D88 /* XYZLeafletMapViewController.m */,
				CAB9DB1E18BD079100A1E8EE /* XYZMenuItem.h */,
				CAB9DB1F18BD079100A1E8EE /* XYZMenuItem.m */,
				CA3A8EC918CA70B200CDB866 /* XYZRouteSelectionViewController.h */,
				CA3A8ECA18CA70B200CDB866 /* XYZRouteSelectionViewController.m */,
				CAB9DB1B18BCFD5000A1E8EE /* XYZSettingsViewController.h */,
				CAB9DB1C18BCFD5000A1E8EE /* XYZSettingsViewController.m */,
				CAB9DB2118BD165D00A1E8EE /* XYZWebViewController.h */,
				CAB9DB2218BD165D00A1E8EE /* XYZWebViewController.m */,
			);
			path = "seagullcentury-iOS";
			sourceTree = "<group>";
		};
		CA0FE37418BC3B0A00533D88 /* Supporting Files */ = {
			isa = PBXGroup;
			children = (
				CA0FE39B18BC3B0A00533D88 /* seagullcentury_iOSTests.m */,
				CA0FE37518BC3B0A00533D88 /* seagullcentury-iOS-Info.plist */,
				CA0FE37618BC3B0A00533D88 /* InfoPlist.strings */,
				CA0FE37918BC3B0A00533D88 /* main.m */,
				CA0FE37B18BC3B0A00533D88 /* seagullcentury-iOS-Prefix.pch */,
			);
			name = "Supporting Files";
			sourceTree = "<group>";
		};
		CA0FE39518BC3B0A00533D88 /* seagullcentury-iOSTests */ = {
			isa = PBXGroup;
			children = (
				CA0FE39618BC3B0A00533D88 /* Supporting Files */,
			);
			path = "seagullcentury-iOSTests";
			sourceTree = "<group>";
		};
		CA0FE39618BC3B0A00533D88 /* Supporting Files */ = {
			isa = PBXGroup;
			children = (
				CA0FE39718BC3B0A00533D88 /* seagullcentury-iOSTests-Info.plist */,
				CA0FE39818BC3B0A00533D88 /* InfoPlist.strings */,
			);
			name = "Supporting Files";
			sourceTree = "<group>";
		};
		CA58012418EB2D7B00274DE9 /* Design 2.0 */ = {
			isa = PBXGroup;
			children = (
				CAA0098418EDFDBA007D00F8 /* SWRevealViewController.h */,
				CAA0098518EDFDBA007D00F8 /* SWRevealViewController.m */,
				CA646FCE18E9E0F3000D2702 /* New_Design.storyboard */,
				CA4C391718EA0C900006BEAE /* MainSideMenuController.h */,
				CA4C391818EA0C900006BEAE /* MainSideMenuController.m */,
				CA58012518EB2DFE00274DE9 /* HomeViewController.h */,
				CA58012618EB2DFE00274DE9 /* HomeViewController.m */,
				CAA0097518EDDE26007D00F8 /* WebSideMenuController.h */,
				CAA0097618EDDE26007D00F8 /* WebSideMenuController.m */,
				CAA0097B18EDF900007D00F8 /* XYZTESTViewController.h */,
				CAA0097C18EDF900007D00F8 /* XYZTESTViewController.m */,
				CAA0098718EE0AFC007D00F8 /* XYZswslideViewController.h */,
				CAA0098818EE0AFC007D00F8 /* XYZswslideViewController.m */,
			);
			name = "Design 2.0";
			sourceTree = "<group>";
		};
/* End PBXGroup section */

/* Begin PBXNativeTarget section */
		CA0FE36918BC3B0A00533D88 /* seagullcentury-iOS */ = {
			isa = PBXNativeTarget;
			buildConfigurationList = CA0FE39F18BC3B0A00533D88 /* Build configuration list for PBXNativeTarget "seagullcentury-iOS" */;
			buildPhases = (
				7DA1F9DCCA394BE0B2605347 /* Check Pods Manifest.lock */,
				CA0FE36618BC3B0A00533D88 /* Sources */,
				CA0FE36718BC3B0A00533D88 /* Frameworks */,
				CA0FE36818BC3B0A00533D88 /* Resources */,
				65CC56E28F314B279AE53360 /* Copy Pods Resources */,
			);
			buildRules = (
			);
			dependencies = (
			);
			name = "seagullcentury-iOS";
			productName = "seagullcentury-iOS";
			productReference = CA0FE36A18BC3B0A00533D88 /* seagullcentury-iOS.app */;
			productType = "com.apple.product-type.application";
		};
		CA0FE38D18BC3B0A00533D88 /* seagullcentury-iOSTests */ = {
			isa = PBXNativeTarget;
			buildConfigurationList = CA0FE3A218BC3B0A00533D88 /* Build configuration list for PBXNativeTarget "seagullcentury-iOSTests" */;
			buildPhases = (
				CA0FE38A18BC3B0A00533D88 /* Sources */,
				CA0FE38B18BC3B0A00533D88 /* Frameworks */,
				CA0FE38C18BC3B0A00533D88 /* Resources */,
			);
			buildRules = (
			);
			dependencies = (
				CA0FE39418BC3B0A00533D88 /* PBXTargetDependency */,
			);
			name = "seagullcentury-iOSTests";
			productName = "seagullcentury-iOSTests";
			productReference = CA0FE38E18BC3B0A00533D88 /* seagullcentury-iOSTests.xctest */;
			productType = "com.apple.product-type.bundle.unit-test";
		};
/* End PBXNativeTarget section */

/* Begin PBXProject section */
		CA0FE36218BC3B0A00533D88 /* Project object */ = {
			isa = PBXProject;
			attributes = {
				CLASSPREFIX = XYZ;
				LastUpgradeCheck = 0510;
				ORGANIZATIONNAME = "Salisbury University";
				TargetAttributes = {
					CA0FE36918BC3B0A00533D88 = {
						DevelopmentTeam = 95NGJEZZY8;
					};
					CA0FE38D18BC3B0A00533D88 = {
						TestTargetID = CA0FE36918BC3B0A00533D88;
					};
				};
			};
			buildConfigurationList = CA0FE36518BC3B0A00533D88 /* Build configuration list for PBXProject "seagullcentury-iOS" */;
			compatibilityVersion = "Xcode 3.2";
			developmentRegion = English;
			hasScannedForEncodings = 0;
			knownRegions = (
				en,
				Base,
			);
			mainGroup = CA0FE36118BC3B0A00533D88;
			productRefGroup = CA0FE36B18BC3B0A00533D88 /* Products */;
			projectDirPath = "";
			projectRoot = "";
			targets = (
				CA0FE36918BC3B0A00533D88 /* seagullcentury-iOS */,
				CA0FE38D18BC3B0A00533D88 /* seagullcentury-iOSTests */,
			);
		};
/* End PBXProject section */

/* Begin PBXResourcesBuildPhase section */
		CA0FE36818BC3B0A00533D88 /* Resources */ = {
			isa = PBXResourcesBuildPhase;
			buildActionMask = 2147483647;
			files = (
				CA0FE37818BC3B0A00533D88 /* InfoPlist.strings in Resources */,
				CADD6A4F18EB8102001B3378 /* Images.xcassets in Resources */,
				CA1EE14618D24CA400A23A88 /* SUStart.gpx in Resources */,
				CA0FE38118BC3B0A00533D88 /* Main.storyboard in Resources */,
				CA646FCF18E9E0F3000D2702 /* New_Design.storyboard in Resources */,
			);
			runOnlyForDeploymentPostprocessing = 0;
		};
		CA0FE38C18BC3B0A00533D88 /* Resources */ = {
			isa = PBXResourcesBuildPhase;
			buildActionMask = 2147483647;
			files = (
				CA0FE39A18BC3B0A00533D88 /* InfoPlist.strings in Resources */,
			);
			runOnlyForDeploymentPostprocessing = 0;
		};
/* End PBXResourcesBuildPhase section */

/* Begin PBXShellScriptBuildPhase section */
		65CC56E28F314B279AE53360 /* Copy Pods Resources */ = {
			isa = PBXShellScriptBuildPhase;
			buildActionMask = 2147483647;
			files = (
			);
			inputPaths = (
			);
			name = "Copy Pods Resources";
			outputPaths = (
			);
			runOnlyForDeploymentPostprocessing = 0;
			shellPath = /bin/sh;
			shellScript = "\"${SRCROOT}/Pods/Pods-resources.sh\"\n";
			showEnvVarsInLog = 0;
		};
		7DA1F9DCCA394BE0B2605347 /* Check Pods Manifest.lock */ = {
			isa = PBXShellScriptBuildPhase;
			buildActionMask = 2147483647;
			files = (
			);
			inputPaths = (
			);
			name = "Check Pods Manifest.lock";
			outputPaths = (
			);
			runOnlyForDeploymentPostprocessing = 0;
			shellPath = /bin/sh;
			shellScript = "diff \"${PODS_ROOT}/../Podfile.lock\" \"${PODS_ROOT}/Manifest.lock\" > /dev/null\nif [[ $? != 0 ]] ; then\n    cat << EOM\nerror: The sandbox is not in sync with the Podfile.lock. Run 'pod install' or update your CocoaPods installation.\nEOM\n    exit 1\nfi\n";
			showEnvVarsInLog = 0;
		};
/* End PBXShellScriptBuildPhase section */

/* Begin PBXSourcesBuildPhase section */
		CA0FE36618BC3B0A00533D88 /* Sources */ = {
			isa = PBXSourcesBuildPhase;
			buildActionMask = 2147483647;
			files = (
				CAA0098618EDFDBA007D00F8 /* SWRevealViewController.m in Sources */,
				CAA0097718EDDE26007D00F8 /* WebSideMenuController.m in Sources */,
				CAA0098918EE0AFC007D00F8 /* XYZswslideViewController.m in Sources */,
				CA0FE38418BC3B0A00533D88 /* XYZHomeViewController.m in Sources */,
				CA3A8ECB18CA70B200CDB866 /* XYZRouteSelectionViewController.m in Sources */,
				CAB9DB2318BD165D00A1E8EE /* XYZWebViewController.m in Sources */,
				CA58012718EB2DFE00274DE9 /* HomeViewController.m in Sources */,
				CAB9DB2018BD079100A1E8EE /* XYZMenuItem.m in Sources */,
				CA0FE37E18BC3B0A00533D88 /* XYZAppDelegate.m in Sources */,
				CA0FE38718BC3B0A00533D88 /* XYZLeafletMapViewController.m in Sources */,
				CAA0097D18EDF900007D00F8 /* XYZTESTViewController.m in Sources */,
				CA4C391918EA0C900006BEAE /* MainSideMenuController.m in Sources */,
				CA0FE37A18BC3B0A00533D88 /* main.m in Sources */,
				CAB9DB1D18BCFD5000A1E8EE /* XYZSettingsViewController.m in Sources */,
			);
			runOnlyForDeploymentPostprocessing = 0;
		};
		CA0FE38A18BC3B0A00533D88 /* Sources */ = {
			isa = PBXSourcesBuildPhase;
			buildActionMask = 2147483647;
			files = (
				CA0FE39C18BC3B0A00533D88 /* seagullcentury_iOSTests.m in Sources */,
			);
			runOnlyForDeploymentPostprocessing = 0;
		};
/* End PBXSourcesBuildPhase section */

/* Begin PBXTargetDependency section */
		CA0FE39418BC3B0A00533D88 /* PBXTargetDependency */ = {
			isa = PBXTargetDependency;
			target = CA0FE36918BC3B0A00533D88 /* seagullcentury-iOS */;
			targetProxy = CA0FE39318BC3B0A00533D88 /* PBXContainerItemProxy */;
		};
/* End PBXTargetDependency section */

/* Begin PBXVariantGroup section */
		CA0FE37618BC3B0A00533D88 /* InfoPlist.strings */ = {
			isa = PBXVariantGroup;
			children = (
				CA0FE37718BC3B0A00533D88 /* en */,
			);
			name = InfoPlist.strings;
			sourceTree = "<group>";
		};
		CA0FE37F18BC3B0A00533D88 /* Main.storyboard */ = {
			isa = PBXVariantGroup;
			children = (
				CA0FE38018BC3B0A00533D88 /* Base */,
			);
			name = Main.storyboard;
			sourceTree = "<group>";
		};
		CA0FE39818BC3B0A00533D88 /* InfoPlist.strings */ = {
			isa = PBXVariantGroup;
			children = (
				CA0FE39918BC3B0A00533D88 /* en */,
			);
			name = InfoPlist.strings;
			sourceTree = "<group>";
		};
/* End PBXVariantGroup section */

/* Begin XCBuildConfiguration section */
		CA0FE39D18BC3B0A00533D88 /* Debug */ = {
			isa = XCBuildConfiguration;
			buildSettings = {
				ALWAYS_SEARCH_USER_PATHS = NO;
				CLANG_CXX_LANGUAGE_STANDARD = "gnu++0x";
				CLANG_CXX_LIBRARY = "libc++";
				CLANG_ENABLE_MODULES = YES;
				CLANG_ENABLE_OBJC_ARC = YES;
				CLANG_WARN_BOOL_CONVERSION = YES;
				CLANG_WARN_CONSTANT_CONVERSION = YES;
				CLANG_WARN_DIRECT_OBJC_ISA_USAGE = YES_ERROR;
				CLANG_WARN_EMPTY_BODY = YES;
				CLANG_WARN_ENUM_CONVERSION = YES;
				CLANG_WARN_INT_CONVERSION = YES;
				CLANG_WARN_OBJC_ROOT_CLASS = YES_ERROR;
				CLANG_WARN__DUPLICATE_METHOD_MATCH = YES;
				"CODE_SIGN_IDENTITY[sdk=iphoneos*]" = "iPhone Developer";
				COPY_PHASE_STRIP = NO;
				GCC_C_LANGUAGE_STANDARD = gnu99;
				GCC_DYNAMIC_NO_PIC = NO;
				GCC_OPTIMIZATION_LEVEL = 0;
				GCC_PREPROCESSOR_DEFINITIONS = (
					"DEBUG=1",
					"$(inherited)",
				);
				GCC_SYMBOLS_PRIVATE_EXTERN = NO;
				GCC_WARN_64_TO_32_BIT_CONVERSION = YES;
				GCC_WARN_ABOUT_RETURN_TYPE = YES_ERROR;
				GCC_WARN_UNDECLARED_SELECTOR = YES;
				GCC_WARN_UNINITIALIZED_AUTOS = YES;
				GCC_WARN_UNUSED_FUNCTION = YES;
				GCC_WARN_UNUSED_VARIABLE = YES;
				IPHONEOS_DEPLOYMENT_TARGET = 7.0;
				ONLY_ACTIVE_ARCH = YES;
				SDKROOT = iphoneos;
			};
			name = Debug;
		};
		CA0FE39E18BC3B0A00533D88 /* Release */ = {
			isa = XCBuildConfiguration;
			buildSettings = {
				ALWAYS_SEARCH_USER_PATHS = NO;
				CLANG_CXX_LANGUAGE_STANDARD = "gnu++0x";
				CLANG_CXX_LIBRARY = "libc++";
				CLANG_ENABLE_MODULES = YES;
				CLANG_ENABLE_OBJC_ARC = YES;
				CLANG_WARN_BOOL_CONVERSION = YES;
				CLANG_WARN_CONSTANT_CONVERSION = YES;
				CLANG_WARN_DIRECT_OBJC_ISA_USAGE = YES_ERROR;
				CLANG_WARN_EMPTY_BODY = YES;
				CLANG_WARN_ENUM_CONVERSION = YES;
				CLANG_WARN_INT_CONVERSION = YES;
				CLANG_WARN_OBJC_ROOT_CLASS = YES_ERROR;
				CLANG_WARN__DUPLICATE_METHOD_MATCH = YES;
				"CODE_SIGN_IDENTITY[sdk=iphoneos*]" = "iPhone Developer";
				COPY_PHASE_STRIP = YES;
				ENABLE_NS_ASSERTIONS = NO;
				GCC_C_LANGUAGE_STANDARD = gnu99;
				GCC_WARN_64_TO_32_BIT_CONVERSION = YES;
				GCC_WARN_ABOUT_RETURN_TYPE = YES_ERROR;
				GCC_WARN_UNDECLARED_SELECTOR = YES;
				GCC_WARN_UNINITIALIZED_AUTOS = YES;
				GCC_WARN_UNUSED_FUNCTION = YES;
				GCC_WARN_UNUSED_VARIABLE = YES;
				IPHONEOS_DEPLOYMENT_TARGET = 7.0;
				SDKROOT = iphoneos;
				VALIDATE_PRODUCT = YES;
			};
			name = Release;
		};
		CA0FE3A018BC3B0A00533D88 /* Debug */ = {
			isa = XCBuildConfiguration;
			baseConfigurationReference = 4B4ADACAA76A419982E26087 /* Pods.xcconfig */;
			buildSettings = {
				ASSETCATALOG_COMPILER_APPICON_NAME = AppIcon;
				ASSETCATALOG_COMPILER_LAUNCHIMAGE_NAME = LaunchImage;
				CODE_SIGN_IDENTITY = "iPhone Developer";
				"CODE_SIGN_IDENTITY[sdk=iphoneos*]" = "iPhone Developer";
				GCC_PRECOMPILE_PREFIX_HEADER = YES;
				GCC_PREFIX_HEADER = "seagullcentury-iOS/seagullcentury-iOS-Prefix.pch";
				INFOPLIST_FILE = "seagullcentury-iOS/seagullcentury-iOS-Info.plist";
				PRODUCT_NAME = "$(TARGET_NAME)";
				PROVISIONING_PROFILE = "";
				TARGETED_DEVICE_FAMILY = 1;
				WRAPPER_EXTENSION = app;
			};
			name = Debug;
		};
		CA0FE3A118BC3B0A00533D88 /* Release */ = {
			isa = XCBuildConfiguration;
			baseConfigurationReference = 4B4ADACAA76A419982E26087 /* Pods.xcconfig */;
			buildSettings = {
				ASSETCATALOG_COMPILER_APPICON_NAME = AppIcon;
				ASSETCATALOG_COMPILER_LAUNCHIMAGE_NAME = LaunchImage;
				CODE_SIGN_IDENTITY = "iPhone Developer";
				"CODE_SIGN_IDENTITY[sdk=iphoneos*]" = "iPhone Developer";
				GCC_PRECOMPILE_PREFIX_HEADER = YES;
				GCC_PREFIX_HEADER = "seagullcentury-iOS/seagullcentury-iOS-Prefix.pch";
				INFOPLIST_FILE = "seagullcentury-iOS/seagullcentury-iOS-Info.plist";
				PRODUCT_NAME = "$(TARGET_NAME)";
				PROVISIONING_PROFILE = "";
				TARGETED_DEVICE_FAMILY = 1;
				WRAPPER_EXTENSION = app;
			};
			name = Release;
		};
		CA0FE3A318BC3B0A00533D88 /* Debug */ = {
			isa = XCBuildConfiguration;
			buildSettings = {
				BUNDLE_LOADER = "$(BUILT_PRODUCTS_DIR)/seagullcentury-iOS.app/seagullcentury-iOS";
				FRAMEWORK_SEARCH_PATHS = (
					"$(SDKROOT)/Developer/Library/Frameworks",
					"$(inherited)",
					"$(DEVELOPER_FRAMEWORKS_DIR)",
				);
				GCC_PRECOMPILE_PREFIX_HEADER = YES;
				GCC_PREFIX_HEADER = "seagullcentury-iOS/seagullcentury-iOS-Prefix.pch";
				GCC_PREPROCESSOR_DEFINITIONS = (
					"DEBUG=1",
					"$(inherited)",
				);
				INFOPLIST_FILE = "seagullcentury-iOSTests/seagullcentury-iOSTests-Info.plist";
				PRODUCT_NAME = "$(TARGET_NAME)";
				TEST_HOST = "$(BUNDLE_LOADER)";
				WRAPPER_EXTENSION = xctest;
			};
			name = Debug;
		};
		CA0FE3A418BC3B0A00533D88 /* Release */ = {
			isa = XCBuildConfiguration;
			buildSettings = {
				BUNDLE_LOADER = "$(BUILT_PRODUCTS_DIR)/seagullcentury-iOS.app/seagullcentury-iOS";
				FRAMEWORK_SEARCH_PATHS = (
					"$(SDKROOT)/Developer/Library/Frameworks",
					"$(inherited)",
					"$(DEVELOPER_FRAMEWORKS_DIR)",
				);
				GCC_PRECOMPILE_PREFIX_HEADER = YES;
				GCC_PREFIX_HEADER = "seagullcentury-iOS/seagullcentury-iOS-Prefix.pch";
				INFOPLIST_FILE = "seagullcentury-iOSTests/seagullcentury-iOSTests-Info.plist";
				PRODUCT_NAME = "$(TARGET_NAME)";
				TEST_HOST = "$(BUNDLE_LOADER)";
				WRAPPER_EXTENSION = xctest;
			};
			name = Release;
		};
/* End XCBuildConfiguration section */

/* Begin XCConfigurationList section */
		CA0FE36518BC3B0A00533D88 /* Build configuration list for PBXProject "seagullcentury-iOS" */ = {
			isa = XCConfigurationList;
			buildConfigurations = (
				CA0FE39D18BC3B0A00533D88 /* Debug */,
				CA0FE39E18BC3B0A00533D88 /* Release */,
			);
			defaultConfigurationIsVisible = 0;
			defaultConfigurationName = Release;
		};
		CA0FE39F18BC3B0A00533D88 /* Build configuration list for PBXNativeTarget "seagullcentury-iOS" */ = {
			isa = XCConfigurationList;
			buildConfigurations = (
				CA0FE3A018BC3B0A00533D88 /* Debug */,
				CA0FE3A118BC3B0A00533D88 /* Release */,
			);
			defaultConfigurationIsVisible = 0;
			defaultConfigurationName = Release;
		};
		CA0FE3A218BC3B0A00533D88 /* Build configuration list for PBXNativeTarget "seagullcentury-iOSTests" */ = {
			isa = XCConfigurationList;
			buildConfigurations = (
				CA0FE3A318BC3B0A00533D88 /* Debug */,
				CA0FE3A418BC3B0A00533D88 /* Release */,
			);
			defaultConfigurationIsVisible = 0;
			defaultConfigurationName = Release;
		};
/* End XCConfigurationList section */
	};
	rootObject = CA0FE36218BC3B0A00533D88 /* Project object */;
}
