// !$*UTF8*$!
{
	archiveVersion = 1;
	classes = {
	};
	objectVersion = 46;
	objects = {

/* Begin PBXBuildFile section */
		CA0FE36E18BC3B0A00533D88 /* Foundation.framework in Frameworks */ = {isa = PBXBuildFile; fileRef = CA0FE36D18BC3B0A00533D88 /* Foundation.framework */; };
		CA0FE37218BC3B0A00533D88 /* UIKit.framework in Frameworks */ = {isa = PBXBuildFile; fileRef = CA0FE37118BC3B0A00533D88 /* UIKit.framework */; };
		CA0FE37818BC3B0A00533D88 /* InfoPlist.strings in Resources */ = {isa = PBXBuildFile; fileRef = CA0FE37618BC3B0A00533D88 /* InfoPlist.strings */; };
		CA0FE37A18BC3B0A00533D88 /* main.m in Sources */ = {isa = PBXBuildFile; fileRef = CA0FE37918BC3B0A00533D88 /* main.m */; };
		CA0FE37E18BC3B0A00533D88 /* XYZAppDelegate.m in Sources */ = {isa = PBXBuildFile; fileRef = CA0FE37D18BC3B0A00533D88 /* XYZAppDelegate.m */; };
		CA0FE38118BC3B0A00533D88 /* Main.storyboard in Resources */ = {isa = PBXBuildFile; fileRef = CA0FE37F18BC3B0A00533D88 /* Main.storyboard */; };
		CA0FE38418BC3B0A00533D88 /* XYZHomeViewController.m in Sources */ = {isa = PBXBuildFile; fileRef = CA0FE38318BC3B0A00533D88 /* XYZHomeViewController.m */; };
		CA0FE38718BC3B0A00533D88 /* XYZLeafletMapViewController.m in Sources */ = {isa = PBXBuildFile; fileRef = CA0FE38618BC3B0A00533D88 /* XYZLeafletMapViewController.m */; };
		CA0FE38918BC3B0A00533D88 /* Images.xcassets in Resources */ = {isa = PBXBuildFile; fileRef = CA0FE38818BC3B0A00533D88 /* Images.xcassets */; };
		CA0FE39018BC3B0A00533D88 /* XCTest.framework in Frameworks */ = {isa = PBXBuildFile; fileRef = CA0FE38F18BC3B0A00533D88 /* XCTest.framework */; };
		CA0FE39118BC3B0A00533D88 /* Foundation.framework in Frameworks */ = {isa = PBXBuildFile; fileRef = CA0FE36D18BC3B0A00533D88 /* Foundation.framework */; };
		CA0FE39218BC3B0A00533D88 /* UIKit.framework in Frameworks */ = {isa = PBXBuildFile; fileRef = CA0FE37118BC3B0A00533D88 /* UIKit.framework */; };
		CA0FE39A18BC3B0A00533D88 /* InfoPlist.strings in Resources */ = {isa = PBXBuildFile; fileRef = CA0FE39818BC3B0A00533D88 /* InfoPlist.strings */; };
		CA0FE39C18BC3B0A00533D88 /* seagullcentury_iOSTests.m in Sources */ = {isa = PBXBuildFile; fileRef = CA0FE39B18BC3B0A00533D88 /* seagullcentury_iOSTests.m */; };
		CA3A8ECB18CA70B200CDB866 /* XYZRouteSelectionViewController.m in Sources */ = {isa = PBXBuildFile; fileRef = CA3A8ECA18CA70B200CDB866 /* XYZRouteSelectionViewController.m */; };
		CA3A8ED418CA73CB00CDB866 /* courseMap.html in Resources */ = {isa = PBXBuildFile; fileRef = CA3A8ECD18CA73CB00CDB866 /* courseMap.html */; };
		CA3A8ED518CA73CB00CDB866 /* courseMap.js in Sources */ = {isa = PBXBuildFile; fileRef = CA3A8ECE18CA73CB00CDB866 /* courseMap.js */; };
		CA3A8ED618CA73CB00CDB866 /* leaflet.css in Resources */ = {isa = PBXBuildFile; fileRef = CA3A8ECF18CA73CB00CDB866 /* leaflet.css */; };
		CA3A8ED718CA73CB00CDB866 /* leaflet.js in Sources */ = {isa = PBXBuildFile; fileRef = CA3A8ED018CA73CB00CDB866 /* leaflet.js */; };
		CA3A8ED918CA73CB00CDB866 /* route.geojson in Resources */ = {isa = PBXBuildFile; fileRef = CA3A8ED218CA73CB00CDB866 /* route.geojson */; };
		CA3A8EDA18CA73CB00CDB866 /* style.css in Resources */ = {isa = PBXBuildFile; fileRef = CA3A8ED318CA73CB00CDB866 /* style.css */; };
		CAB70A7718BFAD920089C0BB /* CoreLocation.framework in Frameworks */ = {isa = PBXBuildFile; fileRef = CAB70A7618BFAD920089C0BB /* CoreLocation.framework */; };
		CAB70A7818BFADA10089C0BB /* CoreGraphics.framework in Frameworks */ = {isa = PBXBuildFile; fileRef = CA0FE36F18BC3B0A00533D88 /* CoreGraphics.framework */; };
		CAB70A7A18BFADB50089C0BB /* MapKit.framework in Frameworks */ = {isa = PBXBuildFile; fileRef = CAB70A7918BFADB50089C0BB /* MapKit.framework */; };
		CAB9DB1D18BCFD5000A1E8EE /* XYZSettingsViewController.m in Sources */ = {isa = PBXBuildFile; fileRef = CAB9DB1C18BCFD5000A1E8EE /* XYZSettingsViewController.m */; };
		CAB9DB2018BD079100A1E8EE /* XYZMenuItem.m in Sources */ = {isa = PBXBuildFile; fileRef = CAB9DB1F18BD079100A1E8EE /* XYZMenuItem.m */; };
		CAB9DB2318BD165D00A1E8EE /* XYZWebViewController.m in Sources */ = {isa = PBXBuildFile; fileRef = CAB9DB2218BD165D00A1E8EE /* XYZWebViewController.m */; };
/* End PBXBuildFile section */

/* Begin PBXContainerItemProxy section */
		CA0FE39318BC3B0A00533D88 /* PBXContainerItemProxy */ = {
			isa = PBXContainerItemProxy;
			containerPortal = CA0FE36218BC3B0A00533D88 /* Project object */;
			proxyType = 1;
			remoteGlobalIDString = CA0FE36918BC3B0A00533D88;
			remoteInfo = "seagullcentury-iOS";
		};
/* End PBXContainerItemProxy section */

/* Begin PBXFileReference section */
		CA0FE36A18BC3B0A00533D88 /* seagullcentury-iOS.app */ = {isa = PBXFileReference; explicitFileType = wrapper.application; includeInIndex = 0; path = "seagullcentury-iOS.app"; sourceTree = BUILT_PRODUCTS_DIR; };
		CA0FE36D18BC3B0A00533D88 /* Foundation.framework */ = {isa = PBXFileReference; lastKnownFileType = wrapper.framework; name = Foundation.framework; path = System/Library/Frameworks/Foundation.framework; sourceTree = SDKROOT; };
		CA0FE36F18BC3B0A00533D88 /* CoreGraphics.framework */ = {isa = PBXFileReference; lastKnownFileType = wrapper.framework; name = CoreGraphics.framework; path = System/Library/Frameworks/CoreGraphics.framework; sourceTree = SDKROOT; };
		CA0FE37118BC3B0A00533D88 /* UIKit.framework */ = {isa = PBXFileReference; lastKnownFileType = wrapper.framework; name = UIKit.framework; path = System/Library/Frameworks/UIKit.framework; sourceTree = SDKROOT; };
		CA0FE37518BC3B0A00533D88 /* seagullcentury-iOS-Info.plist */ = {isa = PBXFileReference; lastKnownFileType = text.plist.xml; path = "seagullcentury-iOS-Info.plist"; sourceTree = "<group>"; };
		CA0FE37718BC3B0A00533D88 /* en */ = {isa = PBXFileReference; lastKnownFileType = text.plist.strings; name = en; path = en.lproj/InfoPlist.strings; sourceTree = "<group>"; };
		CA0FE37918BC3B0A00533D88 /* main.m */ = {isa = PBXFileReference; lastKnownFileType = sourcecode.c.objc; path = main.m; sourceTree = "<group>"; };
		CA0FE37B18BC3B0A00533D88 /* seagullcentury-iOS-Prefix.pch */ = {isa = PBXFileReference; lastKnownFileType = sourcecode.c.h; path = "seagullcentury-iOS-Prefix.pch"; sourceTree = "<group>"; };
		CA0FE37C18BC3B0A00533D88 /* XYZAppDelegate.h */ = {isa = PBXFileReference; lastKnownFileType = sourcecode.c.h; path = XYZAppDelegate.h; sourceTree = "<group>"; };
		CA0FE37D18BC3B0A00533D88 /* XYZAppDelegate.m */ = {isa = PBXFileReference; lastKnownFileType = sourcecode.c.objc; path = XYZAppDelegate.m; sourceTree = "<group>"; };
		CA0FE38018BC3B0A00533D88 /* Base */ = {isa = PBXFileReference; lastKnownFileType = file.storyboard; name = Base; path = Base.lproj/Main.storyboard; sourceTree = "<group>"; };
		CA0FE38218BC3B0A00533D88 /* XYZHomeViewController.h */ = {isa = PBXFileReference; lastKnownFileType = sourcecode.c.h; path = XYZHomeViewController.h; sourceTree = "<group>"; };
		CA0FE38318BC3B0A00533D88 /* XYZHomeViewController.m */ = {isa = PBXFileReference; lastKnownFileType = sourcecode.c.objc; path = XYZHomeViewController.m; sourceTree = "<group>"; };
		CA0FE38518BC3B0A00533D88 /* XYZLeafletMapViewController.h */ = {isa = PBXFileReference; lastKnownFileType = sourcecode.c.h; path = XYZLeafletMapViewController.h; sourceTree = "<group>"; };
		CA0FE38618BC3B0A00533D88 /* XYZLeafletMapViewController.m */ = {isa = PBXFileReference; lastKnownFileType = sourcecode.c.objc; path = XYZLeafletMapViewController.m; sourceTree = "<group>"; };
		CA0FE38818BC3B0A00533D88 /* Images.xcassets */ = {isa = PBXFileReference; lastKnownFileType = folder.assetcatalog; path = Images.xcassets; sourceTree = "<group>"; };
		CA0FE38E18BC3B0A00533D88 /* seagullcentury-iOSTests.xctest */ = {isa = PBXFileReference; explicitFileType = wrapper.cfbundle; includeInIndex = 0; path = "seagullcentury-iOSTests.xctest"; sourceTree = BUILT_PRODUCTS_DIR; };
		CA0FE38F18BC3B0A00533D88 /* XCTest.framework */ = {isa = PBXFileReference; lastKnownFileType = wrapper.framework; name = XCTest.framework; path = Library/Frameworks/XCTest.framework; sourceTree = DEVELOPER_DIR; };
		CA0FE39718BC3B0A00533D88 /* seagullcentury-iOSTests-Info.plist */ = {isa = PBXFileReference; lastKnownFileType = text.plist.xml; path = "seagullcentury-iOSTests-Info.plist"; sourceTree = "<group>"; };
		CA0FE39918BC3B0A00533D88 /* en */ = {isa = PBXFileReference; lastKnownFileType = text.plist.strings; name = en; path = en.lproj/InfoPlist.strings; sourceTree = "<group>"; };
		CA0FE39B18BC3B0A00533D88 /* seagullcentury_iOSTests.m */ = {isa = PBXFileReference; lastKnownFileType = sourcecode.c.objc; path = seagullcentury_iOSTests.m; sourceTree = "<group>"; };
		CA3A8EC918CA70B200CDB866 /* XYZRouteSelectionViewController.h */ = {isa = PBXFileReference; fileEncoding = 4; lastKnownFileType = sourcecode.c.h; name = XYZRouteSelectionViewController.h; path = ../XYZRouteSelectionViewController.h; sourceTree = "<group>"; };
		CA3A8ECA18CA70B200CDB866 /* XYZRouteSelectionViewController.m */ = {isa = PBXFileReference; fileEncoding = 4; lastKnownFileType = sourcecode.c.objc; name = XYZRouteSelectionViewController.m; path = ../XYZRouteSelectionViewController.m; sourceTree = "<group>"; };
		CA3A8ECD18CA73CB00CDB866 /* courseMap.html */ = {isa = PBXFileReference; fileEncoding = 4; lastKnownFileType = text.html; name = courseMap.html; path = ../../../leaftLet_File/courseMap.html; sourceTree = "<group>"; };
		CA3A8ECE18CA73CB00CDB866 /* courseMap.js */ = {isa = PBXFileReference; fileEncoding = 4; lastKnownFileType = sourcecode.javascript; name = courseMap.js; path = ../../../leaftLet_File/courseMap.js; sourceTree = "<group>"; };
		CA3A8ECF18CA73CB00CDB866 /* leaflet.css */ = {isa = PBXFileReference; fileEncoding = 4; lastKnownFileType = text.css; name = leaflet.css; path = ../../../leaftLet_File/leaflet.css; sourceTree = "<group>"; };
		CA3A8ED018CA73CB00CDB866 /* leaflet.js */ = {isa = PBXFileReference; fileEncoding = 4; lastKnownFileType = sourcecode.javascript; name = leaflet.js; path = ../../../leaftLet_File/leaflet.js; sourceTree = "<group>"; };
		CA3A8ED218CA73CB00CDB866 /* route.geojson */ = {isa = PBXFileReference; fileEncoding = 4; lastKnownFileType = text; name = route.geojson; path = ../../../leaftLet_File/route.geojson; sourceTree = "<group>"; };
		CA3A8ED318CA73CB00CDB866 /* style.css */ = {isa = PBXFileReference; fileEncoding = 4; lastKnownFileType = text.css; name = style.css; path = ../../../leaftLet_File/style.css; sourceTree = "<group>"; };
		CAB70A7618BFAD920089C0BB /* CoreLocation.framework */ = {isa = PBXFileReference; lastKnownFileType = wrapper.framework; name = CoreLocation.framework; path = System/Library/Frameworks/CoreLocation.framework; sourceTree = SDKROOT; };
		CAB70A7918BFADB50089C0BB /* MapKit.framework */ = {isa = PBXFileReference; lastKnownFileType = wrapper.framework; name = MapKit.framework; path = System/Library/Frameworks/MapKit.framework; sourceTree = SDKROOT; };
		CAB9DB1B18BCFD5000A1E8EE /* XYZSettingsViewController.h */ = {isa = PBXFileReference; fileEncoding = 4; lastKnownFileType = sourcecode.c.h; path = XYZSettingsViewController.h; sourceTree = "<group>"; };
		CAB9DB1C18BCFD5000A1E8EE /* XYZSettingsViewController.m */ = {isa = PBXFileReference; fileEncoding = 4; lastKnownFileType = sourcecode.c.objc; path = XYZSettingsViewController.m; sourceTree = "<group>"; };
		CAB9DB1E18BD079100A1E8EE /* XYZMenuItem.h */ = {isa = PBXFileReference; fileEncoding = 4; lastKnownFileType = sourcecode.c.h; name = XYZMenuItem.h; path = ../XYZMenuItem.h; sourceTree = "<group>"; };
		CAB9DB1F18BD079100A1E8EE /* XYZMenuItem.m */ = {isa = PBXFileReference; fileEncoding = 4; lastKnownFileType = sourcecode.c.objc; name = XYZMenuItem.m; path = ../XYZMenuItem.m; sourceTree = "<group>"; };
		CAB9DB2118BD165D00A1E8EE /* XYZWebViewController.h */ = {isa = PBXFileReference; fileEncoding = 4; lastKnownFileType = sourcecode.c.h; name = XYZWebViewController.h; path = ../XYZWebViewController.h; sourceTree = "<group>"; };
		CAB9DB2218BD165D00A1E8EE /* XYZWebViewController.m */ = {isa = PBXFileReference; fileEncoding = 4; lastKnownFileType = sourcecode.c.objc; name = XYZWebViewController.m; path = ../XYZWebViewController.m; sourceTree = "<group>"; };
/* End PBXFileReference section */

/* Begin PBXFrameworksBuildPhase section */
		CA0FE36718BC3B0A00533D88 /* Frameworks */ = {
			isa = PBXFrameworksBuildPhase;
			buildActionMask = 2147483647;
			files = (
				CAB70A7A18BFADB50089C0BB /* MapKit.framework in Frameworks */,
				CAB70A7818BFADA10089C0BB /* CoreGraphics.framework in Frameworks */,
				CAB70A7718BFAD920089C0BB /* CoreLocation.framework in Frameworks */,
				CA0FE37218BC3B0A00533D88 /* UIKit.framework in Frameworks */,
				CA0FE36E18BC3B0A00533D88 /* Foundation.framework in Frameworks */,
			);
			runOnlyForDeploymentPostprocessing = 0;
		};
		CA0FE38B18BC3B0A00533D88 /* Frameworks */ = {
			isa = PBXFrameworksBuildPhase;
			buildActionMask = 2147483647;
			files = (
				CA0FE39018BC3B0A00533D88 /* XCTest.framework in Frameworks */,
				CA0FE39218BC3B0A00533D88 /* UIKit.framework in Frameworks */,
				CA0FE39118BC3B0A00533D88 /* Foundation.framework in Frameworks */,
			);
			runOnlyForDeploymentPostprocessing = 0;
		};
/* End PBXFrameworksBuildPhase section */

/* Begin PBXGroup section */
		CA0FE36118BC3B0A00533D88 = {
			isa = PBXGroup;
			children = (
				CA0FE36C18BC3B0A00533D88 /* Frameworks */,
				CA0FE36B18BC3B0A00533D88 /* Products */,
				CA0FE37318BC3B0A00533D88 /* seagullcentury-iOS */,
				CA0FE39518BC3B0A00533D88 /* seagullcentury-iOSTests */,
			);
			sourceTree = "<group>";
		};
		CA0FE36B18BC3B0A00533D88 /* Products */ = {
			isa = PBXGroup;
			children = (
				CA0FE36A18BC3B0A00533D88 /* seagullcentury-iOS.app */,
				CA0FE38E18BC3B0A00533D88 /* seagullcentury-iOSTests.xctest */,
			);
			name = Products;
			sourceTree = "<group>";
		};
		CA0FE36C18BC3B0A00533D88 /* Frameworks */ = {
			isa = PBXGroup;
			children = (
				CAB70A7918BFADB50089C0BB /* MapKit.framework */,
				CAB70A7618BFAD920089C0BB /* CoreLocation.framework */,
				CA0FE36D18BC3B0A00533D88 /* Foundation.framework */,
				CA0FE36F18BC3B0A00533D88 /* CoreGraphics.framework */,
				CA0FE37118BC3B0A00533D88 /* UIKit.framework */,
				CA0FE38F18BC3B0A00533D88 /* XCTest.framework */,
			);
			name = Frameworks;
			sourceTree = "<group>";
		};
		CA0FE37318BC3B0A00533D88 /* seagullcentury-iOS */ = {
			isa = PBXGroup;
			children = (
				CA3A8EC918CA70B200CDB866 /* XYZRouteSelectionViewController.h */,
				CA3A8ECA18CA70B200CDB866 /* XYZRouteSelectionViewController.m */,
				CA0FE38818BC3B0A00533D88 /* Images.xcassets */,
				CA0FE37F18BC3B0A00533D88 /* Main.storyboard */,
				CA0FE37418BC3B0A00533D88 /* Supporting Files */,
				CA0FE37C18BC3B0A00533D88 /* XYZAppDelegate.h */,
				CA0FE37D18BC3B0A00533D88 /* XYZAppDelegate.m */,
				CA0FE38218BC3B0A00533D88 /* XYZHomeViewController.h */,
				CA0FE38318BC3B0A00533D88 /* XYZHomeViewController.m */,
				CAB9DB1B18BCFD5000A1E8EE /* XYZSettingsViewController.h */,
				CAB9DB1C18BCFD5000A1E8EE /* XYZSettingsViewController.m */,
				CA0FE38518BC3B0A00533D88 /* XYZLeafletMapViewController.h */,
				CA0FE38618BC3B0A00533D88 /* XYZLeafletMapViewController.m */,
				CAB9DB2118BD165D00A1E8EE /* XYZWebViewController.h */,
				CAB9DB2218BD165D00A1E8EE /* XYZWebViewController.m */,
			);
			path = "seagullcentury-iOS";
			sourceTree = "<group>";
		};
		CA0FE37418BC3B0A00533D88 /* Supporting Files */ = {
			isa = PBXGroup;
			children = (
				CA3A8ECC18CA73A900CDB866 /* LeafLet Files */,
				CAB9DB1E18BD079100A1E8EE /* XYZMenuItem.h */,
				CAB9DB1F18BD079100A1E8EE /* XYZMenuItem.m */,
				CA0FE37518BC3B0A00533D88 /* seagullcentury-iOS-Info.plist */,
				CA0FE37618BC3B0A00533D88 /* InfoPlist.strings */,
				CA0FE37918BC3B0A00533D88 /* main.m */,
				CA0FE37B18BC3B0A00533D88 /* seagullcentury-iOS-Prefix.pch */,
			);
			name = "Supporting Files";
			sourceTree = "<group>";
		};
		CA0FE39518BC3B0A00533D88 /* seagullcentury-iOSTests */ = {
			isa = PBXGroup;
			children = (
				CA0FE39B18BC3B0A00533D88 /* seagullcentury_iOSTests.m */,
				CA0FE39618BC3B0A00533D88 /* Supporting Files */,
			);
			path = "seagullcentury-iOSTests";
			sourceTree = "<group>";
		};
		CA0FE39618BC3B0A00533D88 /* Supporting Files */ = {
			isa = PBXGroup;
			children = (
				CA0FE39718BC3B0A00533D88 /* seagullcentury-iOSTests-Info.plist */,
				CA0FE39818BC3B0A00533D88 /* InfoPlist.strings */,
			);
			name = "Supporting Files";
			sourceTree = "<group>";
		};
		CA3A8ECC18CA73A900CDB866 /* LeafLet Files */ = {
			isa = PBXGroup;
			children = (
				CA3A8ECD18CA73CB00CDB866 /* courseMap.html */,
				CA3A8ECE18CA73CB00CDB866 /* courseMap.js */,
				CA3A8ECF18CA73CB00CDB866 /* leaflet.css */,
				CA3A8ED018CA73CB00CDB866 /* leaflet.js */,
				CA3A8ED218CA73CB00CDB866 /* route.geojson */,
				CA3A8ED318CA73CB00CDB866 /* style.css */,
			);
			name = "LeafLet Files";
			sourceTree = "<group>";
		};
/* End PBXGroup section */

/* Begin PBXNativeTarget section */
		CA0FE36918BC3B0A00533D88 /* seagullcentury-iOS */ = {
			isa = PBXNativeTarget;
			buildConfigurationList = CA0FE39F18BC3B0A00533D88 /* Build configuration list for PBXNativeTarget "seagullcentury-iOS" */;
			buildPhases = (
				CA0FE36618BC3B0A00533D88 /* Sources */,
				CA0FE36718BC3B0A00533D88 /* Frameworks */,
				CA0FE36818BC3B0A00533D88 /* Resources */,
			);
			buildRules = (
			);
			dependencies = (
			);
			name = "seagullcentury-iOS";
			productName = "seagullcentury-iOS";
			productReference = CA0FE36A18BC3B0A00533D88 /* seagullcentury-iOS.app */;
			productType = "com.apple.product-type.application";
		};
		CA0FE38D18BC3B0A00533D88 /* seagullcentury-iOSTests */ = {
			isa = PBXNativeTarget;
			buildConfigurationList = CA0FE3A218BC3B0A00533D88 /* Build configuration list for PBXNativeTarget "seagullcentury-iOSTests" */;
			buildPhases = (
				CA0FE38A18BC3B0A00533D88 /* Sources */,
				CA0FE38B18BC3B0A00533D88 /* Frameworks */,
				CA0FE38C18BC3B0A00533D88 /* Resources */,
			);
			buildRules = (
			);
			dependencies = (
				CA0FE39418BC3B0A00533D88 /* PBXTargetDependency */,
			);
			name = "seagullcentury-iOSTests";
			productName = "seagullcentury-iOSTests";
			productReference = CA0FE38E18BC3B0A00533D88 /* seagullcentury-iOSTests.xctest */;
			productType = "com.apple.product-type.bundle.unit-test";
		};
/* End PBXNativeTarget section */

/* Begin PBXProject section */
		CA0FE36218BC3B0A00533D88 /* Project object */ = {
			isa = PBXProject;
			attributes = {
				CLASSPREFIX = XYZ;
				LastUpgradeCheck = 0500;
				ORGANIZATIONNAME = "Salisbury University";
				TargetAttributes = {
					CA0FE38D18BC3B0A00533D88 = {
						TestTargetID = CA0FE36918BC3B0A00533D88;
					};
				};
			};
			buildConfigurationList = CA0FE36518BC3B0A00533D88 /* Build configuration list for PBXProject "seagullcentury-iOS" */;
			compatibilityVersion = "Xcode 3.2";
			developmentRegion = English;
			hasScannedForEncodings = 0;
			knownRegions = (
				en,
				Base,
			);
			mainGroup = CA0FE36118BC3B0A00533D88;
			productRefGroup = CA0FE36B18BC3B0A00533D88 /* Products */;
			projectDirPath = "";
			projectRoot = "";
			targets = (
				CA0FE36918BC3B0A00533D88 /* seagullcentury-iOS */,
				CA0FE38D18BC3B0A00533D88 /* seagullcentury-iOSTests */,
			);
		};
/* End PBXProject section */

/* Begin PBXResourcesBuildPhase section */
		CA0FE36818BC3B0A00533D88 /* Resources */ = {
			isa = PBXResourcesBuildPhase;
			buildActionMask = 2147483647;
			files = (
				CA3A8EDA18CA73CB00CDB866 /* style.css in Resources */,
				CA3A8ED418CA73CB00CDB866 /* courseMap.html in Resources */,
				CA3A8ED918CA73CB00CDB866 /* route.geojson in Resources */,
				CA0FE38918BC3B0A00533D88 /* Images.xcassets in Resources */,
				CA3A8ED618CA73CB00CDB866 /* leaflet.css in Resources */,
				CA0FE37818BC3B0A00533D88 /* InfoPlist.strings in Resources */,
				CA0FE38118BC3B0A00533D88 /* Main.storyboard in Resources */,
			);
			runOnlyForDeploymentPostprocessing = 0;
		};
		CA0FE38C18BC3B0A00533D88 /* Resources */ = {
			isa = PBXResourcesBuildPhase;
			buildActionMask = 2147483647;
			files = (
				CA0FE39A18BC3B0A00533D88 /* InfoPlist.strings in Resources */,
			);
			runOnlyForDeploymentPostprocessing = 0;
		};
/* End PBXResourcesBuildPhase section */

/* Begin PBXSourcesBuildPhase section */
		CA0FE36618BC3B0A00533D88 /* Sources */ = {
			isa = PBXSourcesBuildPhase;
			buildActionMask = 2147483647;
			files = (
				CA0FE38418BC3B0A00533D88 /* XYZHomeViewController.m in Sources */,
				CA3A8ECB18CA70B200CDB866 /* XYZRouteSelectionViewController.m in Sources */,
				CAB9DB2318BD165D00A1E8EE /* XYZWebViewController.m in Sources */,
				CAB9DB2018BD079100A1E8EE /* XYZMenuItem.m in Sources */,
				CA0FE37E18BC3B0A00533D88 /* XYZAppDelegate.m in Sources */,
				CA0FE38718BC3B0A00533D88 /* XYZLeafletMapViewController.m in Sources */,
				CA3A8ED718CA73CB00CDB866 /* leaflet.js in Sources */,
				CA3A8ED518CA73CB00CDB866 /* courseMap.js in Sources */,
				CA0FE37A18BC3B0A00533D88 /* main.m in Sources */,
				CAB9DB1D18BCFD5000A1E8EE /* XYZSettingsViewController.m in Sources */,
			);
			runOnlyForDeploymentPostprocessing = 0;
		};
		CA0FE38A18BC3B0A00533D88 /* Sources */ = {
			isa = PBXSourcesBuildPhase;
			buildActionMask = 2147483647;
			files = (
				CA0FE39C18BC3B0A00533D88 /* seagullcentury_iOSTests.m in Sources */,
			);
			runOnlyForDeploymentPostprocessing = 0;
		};
/* End PBXSourcesBuildPhase section */

/* Begin PBXTargetDependency section */
		CA0FE39418BC3B0A00533D88 /* PBXTargetDependency */ = {
			isa = PBXTargetDependency;
			target = CA0FE36918BC3B0A00533D88 /* seagullcentury-iOS */;
			targetProxy = CA0FE39318BC3B0A00533D88 /* PBXContainerItemProxy */;
		};
/* End PBXTargetDependency section */

/* Begin PBXVariantGroup section */
		CA0FE37618BC3B0A00533D88 /* InfoPlist.strings */ = {
			isa = PBXVariantGroup;
			children = (
				CA0FE37718BC3B0A00533D88 /* en */,
			);
			name = InfoPlist.strings;
			sourceTree = "<group>";
		};
		CA0FE37F18BC3B0A00533D88 /* Main.storyboard */ = {
			isa = PBXVariantGroup;
			children = (
				CA0FE38018BC3B0A00533D88 /* Base */,
			);
			name = Main.storyboard;
			sourceTree = "<group>";
		};
		CA0FE39818BC3B0A00533D88 /* InfoPlist.strings */ = {
			isa = PBXVariantGroup;
			children = (
				CA0FE39918BC3B0A00533D88 /* en */,
			);
			name = InfoPlist.strings;
			sourceTree = "<group>";
		};
/* End PBXVariantGroup section */

/* Begin XCBuildConfiguration section */
		CA0FE39D18BC3B0A00533D88 /* Debug */ = {
			isa = XCBuildConfiguration;
			buildSettings = {
				ALWAYS_SEARCH_USER_PATHS = NO;
				ARCHS = "$(ARCHS_STANDARD_INCLUDING_64_BIT)";
				CLANG_CXX_LANGUAGE_STANDARD = "gnu++0x";
				CLANG_CXX_LIBRARY = "libc++";
				CLANG_ENABLE_MODULES = YES;
				CLANG_ENABLE_OBJC_ARC = YES;
				CLANG_WARN_BOOL_CONVERSION = YES;
				CLANG_WARN_CONSTANT_CONVERSION = YES;
				CLANG_WARN_DIRECT_OBJC_ISA_USAGE = YES_ERROR;
				CLANG_WARN_EMPTY_BODY = YES;
				CLANG_WARN_ENUM_CONVERSION = YES;
				CLANG_WARN_INT_CONVERSION = YES;
				CLANG_WARN_OBJC_ROOT_CLASS = YES_ERROR;
				CLANG_WARN__DUPLICATE_METHOD_MATCH = YES;
				"CODE_SIGN_IDENTITY[sdk=iphoneos*]" = "iPhone Developer";
				COPY_PHASE_STRIP = NO;
				GCC_C_LANGUAGE_STANDARD = gnu99;
				GCC_DYNAMIC_NO_PIC = NO;
				GCC_OPTIMIZATION_LEVEL = 0;
				GCC_PREPROCESSOR_DEFINITIONS = (
					"DEBUG=1",
					"$(inherited)",
				);
				GCC_SYMBOLS_PRIVATE_EXTERN = NO;
				GCC_WARN_64_TO_32_BIT_CONVERSION = YES;
				GCC_WARN_ABOUT_RETURN_TYPE = YES_ERROR;
				GCC_WARN_UNDECLARED_SELECTOR = YES;
				GCC_WARN_UNINITIALIZED_AUTOS = YES;
				GCC_WARN_UNUSED_FUNCTION = YES;
				GCC_WARN_UNUSED_VARIABLE = YES;
				IPHONEOS_DEPLOYMENT_TARGET = 7.0;
				ONLY_ACTIVE_ARCH = YES;
				SDKROOT = iphoneos;
			};
			name = Debug;
		};
		CA0FE39E18BC3B0A00533D88 /* Release */ = {
			isa = XCBuildConfiguration;
			buildSettings = {
				ALWAYS_SEARCH_USER_PATHS = NO;
				ARCHS = "$(ARCHS_STANDARD_INCLUDING_64_BIT)";
				CLANG_CXX_LANGUAGE_STANDARD = "gnu++0x";
				CLANG_CXX_LIBRARY = "libc++";
				CLANG_ENABLE_MODULES = YES;
				CLANG_ENABLE_OBJC_ARC = YES;
				CLANG_WARN_BOOL_CONVERSION = YES;
				CLANG_WARN_CONSTANT_CONVERSION = YES;
				CLANG_WARN_DIRECT_OBJC_ISA_USAGE = YES_ERROR;
				CLANG_WARN_EMPTY_BODY = YES;
				CLANG_WARN_ENUM_CONVERSION = YES;
				CLANG_WARN_INT_CONVERSION = YES;
				CLANG_WARN_OBJC_ROOT_CLASS = YES_ERROR;
				CLANG_WARN__DUPLICATE_METHOD_MATCH = YES;
				"CODE_SIGN_IDENTITY[sdk=iphoneos*]" = "iPhone Developer";
				COPY_PHASE_STRIP = YES;
				ENABLE_NS_ASSERTIONS = NO;
				GCC_C_LANGUAGE_STANDARD = gnu99;
				GCC_WARN_64_TO_32_BIT_CONVERSION = YES;
				GCC_WARN_ABOUT_RETURN_TYPE = YES_ERROR;
				GCC_WARN_UNDECLARED_SELECTOR = YES;
				GCC_WARN_UNINITIALIZED_AUTOS = YES;
				GCC_WARN_UNUSED_FUNCTION = YES;
				GCC_WARN_UNUSED_VARIABLE = YES;
				IPHONEOS_DEPLOYMENT_TARGET = 7.0;
				SDKROOT = iphoneos;
				VALIDATE_PRODUCT = YES;
			};
			name = Release;
		};
		CA0FE3A018BC3B0A00533D88 /* Debug */ = {
			isa = XCBuildConfiguration;
			buildSettings = {
				ASSETCATALOG_COMPILER_APPICON_NAME = AppIcon;
				ASSETCATALOG_COMPILER_LAUNCHIMAGE_NAME = LaunchImage;
				GCC_PRECOMPILE_PREFIX_HEADER = YES;
				GCC_PREFIX_HEADER = "seagullcentury-iOS/seagullcentury-iOS-Prefix.pch";
				INFOPLIST_FILE = "seagullcentury-iOS/seagullcentury-iOS-Info.plist";
				PRODUCT_NAME = "$(TARGET_NAME)";
				WRAPPER_EXTENSION = app;
			};
			name = Debug;
		};
		CA0FE3A118BC3B0A00533D88 /* Release */ = {
			isa = XCBuildConfiguration;
			buildSettings = {
				ASSETCATALOG_COMPILER_APPICON_NAME = AppIcon;
				ASSETCATALOG_COMPILER_LAUNCHIMAGE_NAME = LaunchImage;
				GCC_PRECOMPILE_PREFIX_HEADER = YES;
				GCC_PREFIX_HEADER = "seagullcentury-iOS/seagullcentury-iOS-Prefix.pch";
				INFOPLIST_FILE = "seagullcentury-iOS/seagullcentury-iOS-Info.plist";
				PRODUCT_NAME = "$(TARGET_NAME)";
				WRAPPER_EXTENSION = app;
			};
			name = Release;
		};
		CA0FE3A318BC3B0A00533D88 /* Debug */ = {
			isa = XCBuildConfiguration;
			buildSettings = {
				ARCHS = "$(ARCHS_STANDARD_INCLUDING_64_BIT)";
				BUNDLE_LOADER = "$(BUILT_PRODUCTS_DIR)/seagullcentury-iOS.app/seagullcentury-iOS";
				FRAMEWORK_SEARCH_PATHS = (
					"$(SDKROOT)/Developer/Library/Frameworks",
					"$(inherited)",
					"$(DEVELOPER_FRAMEWORKS_DIR)",
				);
				GCC_PRECOMPILE_PREFIX_HEADER = YES;
				GCC_PREFIX_HEADER = "seagullcentury-iOS/seagullcentury-iOS-Prefix.pch";
				GCC_PREPROCESSOR_DEFINITIONS = (
					"DEBUG=1",
					"$(inherited)",
				);
				INFOPLIST_FILE = "seagullcentury-iOSTests/seagullcentury-iOSTests-Info.plist";
				PRODUCT_NAME = "$(TARGET_NAME)";
				TEST_HOST = "$(BUNDLE_LOADER)";
				WRAPPER_EXTENSION = xctest;
			};
			name = Debug;
		};
		CA0FE3A418BC3B0A00533D88 /* Release */ = {
			isa = XCBuildConfiguration;
			buildSettings = {
				ARCHS = "$(ARCHS_STANDARD_INCLUDING_64_BIT)";
				BUNDLE_LOADER = "$(BUILT_PRODUCTS_DIR)/seagullcentury-iOS.app/seagullcentury-iOS";
				FRAMEWORK_SEARCH_PATHS = (
					"$(SDKROOT)/Developer/Library/Frameworks",
					"$(inherited)",
					"$(DEVELOPER_FRAMEWORKS_DIR)",
				);
				GCC_PRECOMPILE_PREFIX_HEADER = YES;
				GCC_PREFIX_HEADER = "seagullcentury-iOS/seagullcentury-iOS-Prefix.pch";
				INFOPLIST_FILE = "seagullcentury-iOSTests/seagullcentury-iOSTests-Info.plist";
				PRODUCT_NAME = "$(TARGET_NAME)";
				TEST_HOST = "$(BUNDLE_LOADER)";
				WRAPPER_EXTENSION = xctest;
			};
			name = Release;
		};
/* End XCBuildConfiguration section */

/* Begin XCConfigurationList section */
		CA0FE36518BC3B0A00533D88 /* Build configuration list for PBXProject "seagullcentury-iOS" */ = {
			isa = XCConfigurationList;
			buildConfigurations = (
				CA0FE39D18BC3B0A00533D88 /* Debug */,
				CA0FE39E18BC3B0A00533D88 /* Release */,
			);
			defaultConfigurationIsVisible = 0;
			defaultConfigurationName = Release;
		};
		CA0FE39F18BC3B0A00533D88 /* Build configuration list for PBXNativeTarget "seagullcentury-iOS" */ = {
			isa = XCConfigurationList;
			buildConfigurations = (
				CA0FE3A018BC3B0A00533D88 /* Debug */,
				CA0FE3A118BC3B0A00533D88 /* Release */,
			);
			defaultConfigurationIsVisible = 0;
			defaultConfigurationName = Release;
		};
		CA0FE3A218BC3B0A00533D88 /* Build configuration list for PBXNativeTarget "seagullcentury-iOSTests" */ = {
			isa = XCConfigurationList;
			buildConfigurations = (
				CA0FE3A318BC3B0A00533D88 /* Debug */,
				CA0FE3A418BC3B0A00533D88 /* Release */,
			);
			defaultConfigurationIsVisible = 0;
			defaultConfigurationName = Release;
		};
/* End XCConfigurationList section */
	};
	rootObject = CA0FE36218BC3B0A00533D88 /* Project object */;
}
